
Microsoft Visual Studio Solution File, Format Version 12.00
Project("{FAE04EC0-301F-11D3-BF4B-00C04F79EFBC}") = "Less15", "Less15\Less15.csproj", "{CD666C18-BCED-4E62-ABB2-2E65D4D1AE6A}"
EndProject
Global
	GlobalSection(SolutionConfigurationPlatforms) = preSolution
		Debug|Any CPU = Debug|Any CPU
		Release|Any CPU = Release|Any CPU
	EndGlobalSection
	GlobalSection(ProjectConfigurationPlatforms) = postSolution
		{CD666C18-BCED-4E62-ABB2-2E65D4D1AE6A}.Debug|Any CPU.ActiveCfg = Debug|Any CPU
		{CD666C18-BCED-4E62-ABB2-2E65D4D1AE6A}.Debug|Any CPU.Build.0 = Debug|Any CPU
		{CD666C18-BCED-4E62-ABB2-2E65D4D1AE6A}.Release|Any CPU.ActiveCfg = Release|Any CPU
		{CD666C18-BCED-4E62-ABB2-2E65D4D1AE6A}.Release|Any CPU.Build.0 = Release|Any CPU
	EndGlobalSection
EndGlobal
