
Microsoft Visual Studio Solution File, Format Version 12.00
# Visual Studio Version 16
VisualStudioVersion = 16.0.31105.61
MinimumVisualStudioVersion = 10.0.40219.1
Project("{FAE04EC0-301F-11D3-BF4B-00C04F79EFBC}") = "1", "1\1.csproj", "{64A12B91-6CF9-4FFC-9AC3-62D9553000CD}"
EndProject
Global
	GlobalSection(SolutionConfigurationPlatforms) = preSolution
		Debug|Any CPU = Debug|Any CPU
		Release|Any CPU = Release|Any CPU
	EndGlobalSection
	GlobalSection(ProjectConfigurationPlatforms) = postSolution
		{64A12B91-6CF9-4FFC-9AC3-62D9553000CD}.Debug|Any CPU.ActiveCfg = Debug|Any CPU
		{64A12B91-6CF9-4FFC-9AC3-62D9553000CD}.Debug|Any CPU.Build.0 = Debug|Any CPU
		{64A12B91-6CF9-4FFC-9AC3-62D9553000CD}.Release|Any CPU.ActiveCfg = Release|Any CPU
		{64A12B91-6CF9-4FFC-9AC3-62D9553000CD}.Release|Any CPU.Build.0 = Release|Any CPU
	EndGlobalSection
	GlobalSection(SolutionProperties) = preSolution
		HideSolutionNode = FALSE
	EndGlobalSection
	GlobalSection(ExtensibilityGlobals) = postSolution
		SolutionGuid = {8F707B29-AEAD-4446-AD51-8E347DF6E577}
	EndGlobalSection
EndGlobal
