
Microsoft Visual Studio Solution File, Format Version 12.00
Project("{FAE04EC0-301F-11D3-BF4B-00C04F79EFBC}") = "Lesoon12", "Lesoon12\Lesoon12.csproj", "{649B3F2A-2244-4055-A724-875EA19CEF11}"
EndProject
Global
	GlobalSection(SolutionConfigurationPlatforms) = preSolution
		Debug|Any CPU = Debug|Any CPU
		Release|Any CPU = Release|Any CPU
	EndGlobalSection
	GlobalSection(ProjectConfigurationPlatforms) = postSolution
		{649B3F2A-2244-4055-A724-875EA19CEF11}.Debug|Any CPU.ActiveCfg = Debug|Any CPU
		{649B3F2A-2244-4055-A724-875EA19CEF11}.Debug|Any CPU.Build.0 = Debug|Any CPU
		{649B3F2A-2244-4055-A724-875EA19CEF11}.Release|Any CPU.ActiveCfg = Release|Any CPU
		{649B3F2A-2244-4055-A724-875EA19CEF11}.Release|Any CPU.Build.0 = Release|Any CPU
	EndGlobalSection
EndGlobal
