
Microsoft Visual Studio Solution File, Format Version 12.00
Project("{FAE04EC0-301F-11D3-BF4B-00C04F79EFBC}") = "Less11-10", "Less11-10\Less11-10.csproj", "{E47BF94D-CB4E-40FC-83F8-A435D896D9C6}"
EndProject
Global
	GlobalSection(SolutionConfigurationPlatforms) = preSolution
		Debug|Any CPU = Debug|Any CPU
		Release|Any CPU = Release|Any CPU
	EndGlobalSection
	GlobalSection(ProjectConfigurationPlatforms) = postSolution
		{E47BF94D-CB4E-40FC-83F8-A435D896D9C6}.Debug|Any CPU.ActiveCfg = Debug|Any CPU
		{E47BF94D-CB4E-40FC-83F8-A435D896D9C6}.Debug|Any CPU.Build.0 = Debug|Any CPU
		{E47BF94D-CB4E-40FC-83F8-A435D896D9C6}.Release|Any CPU.ActiveCfg = Release|Any CPU
		{E47BF94D-CB4E-40FC-83F8-A435D896D9C6}.Release|Any CPU.Build.0 = Release|Any CPU
	EndGlobalSection
EndGlobal
