
Microsoft Visual Studio Solution File, Format Version 12.00
Project("{FAE04EC0-301F-11D3-BF4B-00C04F79EFBC}") = "Less3", "Less3\Less3.csproj", "{D7C915F9-5B22-4951-8FE7-258A978E6C96}"
EndProject
Global
	GlobalSection(SolutionConfigurationPlatforms) = preSolution
		Debug|Any CPU = Debug|Any CPU
		Release|Any CPU = Release|Any CPU
	EndGlobalSection
	GlobalSection(ProjectConfigurationPlatforms) = postSolution
		{D7C915F9-5B22-4951-8FE7-258A978E6C96}.Debug|Any CPU.ActiveCfg = Debug|Any CPU
		{D7C915F9-5B22-4951-8FE7-258A978E6C96}.Debug|Any CPU.Build.0 = Debug|Any CPU
		{D7C915F9-5B22-4951-8FE7-258A978E6C96}.Release|Any CPU.ActiveCfg = Release|Any CPU
		{D7C915F9-5B22-4951-8FE7-258A978E6C96}.Release|Any CPU.Build.0 = Release|Any CPU
	EndGlobalSection
EndGlobal
