
Microsoft Visual Studio Solution File, Format Version 12.00
# Visual Studio Version 17
VisualStudioVersion = 17.1.32414.318
MinimumVisualStudioVersion = 10.0.40219.1
Project("{FAE04EC0-301F-11D3-BF4B-00C04F79EFBC}") = "ClassApp2", "ClassApp2\ClassApp2.csproj", "{95C174F7-95CA-4C17-B7EF-36EE5F7AA5B2}"
EndProject
Global
	GlobalSection(SolutionConfigurationPlatforms) = preSolution
		Debug|Any CPU = Debug|Any CPU
		Release|Any CPU = Release|Any CPU
	EndGlobalSection
	GlobalSection(ProjectConfigurationPlatforms) = postSolution
		{95C174F7-95CA-4C17-B7EF-36EE5F7AA5B2}.Debug|Any CPU.ActiveCfg = Debug|Any CPU
		{95C174F7-95CA-4C17-B7EF-36EE5F7AA5B2}.Debug|Any CPU.Build.0 = Debug|Any CPU
		{95C174F7-95CA-4C17-B7EF-36EE5F7AA5B2}.Release|Any CPU.ActiveCfg = Release|Any CPU
		{95C174F7-95CA-4C17-B7EF-36EE5F7AA5B2}.Release|Any CPU.Build.0 = Release|Any CPU
	EndGlobalSection
	GlobalSection(SolutionProperties) = preSolution
		HideSolutionNode = FALSE
	EndGlobalSection
	GlobalSection(ExtensibilityGlobals) = postSolution
		SolutionGuid = {DC694AC0-8776-497E-9F81-8B89152A5670}
	EndGlobalSection
EndGlobal
