
Microsoft Visual Studio Solution File, Format Version 12.00
Project("{FAE04EC0-301F-11D3-BF4B-00C04F79EFBC}") = "Less11EX10", "Less11EX10\Less11EX10.csproj", "{D65529F6-2ABD-422E-A77F-C2F38CCF61C0}"
EndProject
Global
	GlobalSection(SolutionConfigurationPlatforms) = preSolution
		Debug|Any CPU = Debug|Any CPU
		Release|Any CPU = Release|Any CPU
	EndGlobalSection
	GlobalSection(ProjectConfigurationPlatforms) = postSolution
		{D65529F6-2ABD-422E-A77F-C2F38CCF61C0}.Debug|Any CPU.ActiveCfg = Debug|Any CPU
		{D65529F6-2ABD-422E-A77F-C2F38CCF61C0}.Debug|Any CPU.Build.0 = Debug|Any CPU
		{D65529F6-2ABD-422E-A77F-C2F38CCF61C0}.Release|Any CPU.ActiveCfg = Release|Any CPU
		{D65529F6-2ABD-422E-A77F-C2F38CCF61C0}.Release|Any CPU.Build.0 = Release|Any CPU
	EndGlobalSection
EndGlobal
