
Microsoft Visual Studio Solution File, Format Version 12.00
Project("{FAE04EC0-301F-11D3-BF4B-00C04F79EFBC}") = "Less17", "Less17\Less17.csproj", "{07637778-F0F4-4ADD-809C-385A61960DCA}"
EndProject
Global
	GlobalSection(SolutionConfigurationPlatforms) = preSolution
		Debug|Any CPU = Debug|Any CPU
		Release|Any CPU = Release|Any CPU
	EndGlobalSection
	GlobalSection(ProjectConfigurationPlatforms) = postSolution
		{07637778-F0F4-4ADD-809C-385A61960DCA}.Debug|Any CPU.ActiveCfg = Debug|Any CPU
		{07637778-F0F4-4ADD-809C-385A61960DCA}.Debug|Any CPU.Build.0 = Debug|Any CPU
		{07637778-F0F4-4ADD-809C-385A61960DCA}.Release|Any CPU.ActiveCfg = Release|Any CPU
		{07637778-F0F4-4ADD-809C-385A61960DCA}.Release|Any CPU.Build.0 = Release|Any CPU
	EndGlobalSection
EndGlobal
